
Microsoft Visual Studio Solution File, Format Version 12.00
# Visual Studio 15
Project("{FAE04EC0-301F-11D3-BF4B-00C04F79EFBC}") = "Assembly-CSharp", "Assembly-CSharp.csproj", "{8CD3AE28-6E8D-86B0-0409-A8DF156E4C7E}"
EndProject
Project("{FAE04EC0-301F-11D3-BF4B-00C04F79EFBC}") = "Assembly-CSharp-Editor", "Assembly-CSharp-Editor.csproj", "{A53798E1-3F38-0B61-DD6F-BC03E50C8408}"
EndProject
Project("{FAE04EC0-301F-11D3-BF4B-00C04F79EFBC}") = "Assembly-CSharp", "Assembly-CSharp.Player.csproj", "{55AD417C-29EB-EE44-06A7-C4341E4B23E5}"
EndProject
Global
	GlobalSection(SolutionConfigurationPlatforms) = preSolution
		Debug|Any CPU = Debug|Any CPU
		Release|Any CPU = Release|Any CPU
	EndGlobalSection
	GlobalSection(ProjectConfigurationPlatforms) = postSolution
		{8CD3AE28-6E8D-86B0-0409-A8DF156E4C7E}.Debug|Any CPU.ActiveCfg = Debug|Any CPU
		{8CD3AE28-6E8D-86B0-0409-A8DF156E4C7E}.Debug|Any CPU.Build.0 = Debug|Any CPU
		{8CD3AE28-6E8D-86B0-0409-A8DF156E4C7E}.Release|Any CPU.ActiveCfg = Release|Any CPU
		{8CD3AE28-6E8D-86B0-0409-A8DF156E4C7E}.Release|Any CPU.Build.0 = Release|Any CPU
		{A53798E1-3F38-0B61-DD6F-BC03E50C8408}.Debug|Any CPU.ActiveCfg = Debug|Any CPU
		{A53798E1-3F38-0B61-DD6F-BC03E50C8408}.Debug|Any CPU.Build.0 = Debug|Any CPU
		{A53798E1-3F38-0B61-DD6F-BC03E50C8408}.Release|Any CPU.ActiveCfg = Release|Any CPU
		{A53798E1-3F38-0B61-DD6F-BC03E50C8408}.Release|Any CPU.Build.0 = Release|Any CPU
		{55AD417C-29EB-EE44-06A7-C4341E4B23E5}.Debug|Any CPU.ActiveCfg = Debug|Any CPU
		{55AD417C-29EB-EE44-06A7-C4341E4B23E5}.Debug|Any CPU.Build.0 = Debug|Any CPU
		{55AD417C-29EB-EE44-06A7-C4341E4B23E5}.Release|Any CPU.ActiveCfg = Release|Any CPU
		{55AD417C-29EB-EE44-06A7-C4341E4B23E5}.Release|Any CPU.Build.0 = Release|Any CPU
	EndGlobalSection
	GlobalSection(SolutionProperties) = preSolution
		HideSolutionNode = FALSE
	EndGlobalSection
EndGlobal
